
Microsoft Visual Studio Solution File, Format Version 12.00
# Visual Studio Version 16
VisualStudioVersion = 16.0.29613.14
MinimumVisualStudioVersion = 10.0.40219.1
Project("{888888A0-9F3D-457C-B088-3A5042F75D52}") = "PythonApplication09", "PythonApplication09.pyproj", "{6505CB64-C014-453A-AF5C-4E97C6878154}"
EndProject
Global
	GlobalSection(SolutionConfigurationPlatforms) = preSolution
		Debug|Any CPU = Debug|Any CPU
		Release|Any CPU = Release|Any CPU
	EndGlobalSection
	GlobalSection(ProjectConfigurationPlatforms) = postSolution
		{6505CB64-C014-453A-AF5C-4E97C6878154}.Debug|Any CPU.ActiveCfg = Debug|Any CPU
		{6505CB64-C014-453A-AF5C-4E97C6878154}.Release|Any CPU.ActiveCfg = Release|Any CPU
	EndGlobalSection
	GlobalSection(SolutionProperties) = preSolution
		HideSolutionNode = FALSE
	EndGlobalSection
	GlobalSection(ExtensibilityGlobals) = postSolution
		SolutionGuid = {D1A971C7-EBEE-4FF8-B3D5-6ED0059B7420}
	EndGlobalSection
EndGlobal
