
Microsoft Visual Studio Solution File, Format Version 12.00
# Visual Studio Version 16
VisualStudioVersion = 16.0.31112.23
MinimumVisualStudioVersion = 10.0.40219.1
Project("{888888A0-9F3D-457C-B088-3A5042F75D52}") = "PythonApplication31", "PythonApplication31.pyproj", "{38BC692E-2A8B-41FB-B4D7-F20674889203}"
EndProject
Global
	GlobalSection(SolutionConfigurationPlatforms) = preSolution
		Debug|Any CPU = Debug|Any CPU
		Release|Any CPU = Release|Any CPU
	EndGlobalSection
	GlobalSection(ProjectConfigurationPlatforms) = postSolution
		{38BC692E-2A8B-41FB-B4D7-F20674889203}.Debug|Any CPU.ActiveCfg = Debug|Any CPU
		{38BC692E-2A8B-41FB-B4D7-F20674889203}.Release|Any CPU.ActiveCfg = Release|Any CPU
	EndGlobalSection
	GlobalSection(SolutionProperties) = preSolution
		HideSolutionNode = FALSE
	EndGlobalSection
	GlobalSection(ExtensibilityGlobals) = postSolution
		SolutionGuid = {768F01CB-F683-49BB-8F9A-4171C7C22DB6}
	EndGlobalSection
EndGlobal
